// !$*UTF8*$!
{
	archiveVersion = 1;
	classes = {
	};
	objectVersion = 56;
	objects = {

/* Begin PBXBuildFile section */
		B9D320372B27B96A00F9B33D /* StateActionExampleApp.swift in Sources */ = {isa = PBXBuildFile; fileRef = B9D320362B27B96A00F9B33D /* StateActionExampleApp.swift */; };
		B9D3203B2B27B96B00F9B33D /* Assets.xcassets in Resources */ = {isa = PBXBuildFile; fileRef = B9D3203A2B27B96B00F9B33D /* Assets.xcassets */; };
		B9D3203E2B27B96B00F9B33D /* Preview Assets.xcassets in Resources */ = {isa = PBXBuildFile; fileRef = B9D3203D2B27B96B00F9B33D /* Preview Assets.xcassets */; };
		B9D320482B27B96B00F9B33D /* StateActionExampleTests.swift in Sources */ = {isa = PBXBuildFile; fileRef = B9D320472B27B96B00F9B33D /* StateActionExampleTests.swift */; };
		B9D320522B27B96B00F9B33D /* StateActionExampleUITests.swift in Sources */ = {isa = PBXBuildFile; fileRef = B9D320512B27B96B00F9B33D /* StateActionExampleUITests.swift */; };
		B9D320542B27B96B00F9B33D /* StateActionExampleUITestsLaunchTests.swift in Sources */ = {isa = PBXBuildFile; fileRef = B9D320532B27B96B00F9B33D /* StateActionExampleUITestsLaunchTests.swift */; };
		B9D3206A2B27B9E300F9B33D /* ContentState.swift in Sources */ = {isa = PBXBuildFile; fileRef = B9D320652B27B9E300F9B33D /* ContentState.swift */; };
		B9D3206B2B27B9E300F9B33D /* ContentShim.swift in Sources */ = {isa = PBXBuildFile; fileRef = B9D320662B27B9E300F9B33D /* ContentShim.swift */; };
		B9D3206C2B27B9E300F9B33D /* ContentView.swift in Sources */ = {isa = PBXBuildFile; fileRef = B9D320672B27B9E300F9B33D /* ContentView.swift */; };
		B9D3206D2B27B9E300F9B33D /* ContentAction.swift in Sources */ = {isa = PBXBuildFile; fileRef = B9D320682B27B9E300F9B33D /* ContentAction.swift */; };
		B9D3206E2B27B9E300F9B33D /* ContentViewModel.swift in Sources */ = {isa = PBXBuildFile; fileRef = B9D320692B27B9E300F9B33D /* ContentViewModel.swift */; };
		B9D320762B27D93100F9B33D /* Dufap in Frameworks */ = {isa = PBXBuildFile; productRef = B9D320752B27D93100F9B33D /* Dufap */; };
/* End PBXBuildFile section */

/* Begin PBXContainerItemProxy section */
		B9D320442B27B96B00F9B33D /* PBXContainerItemProxy */ = {
			isa = PBXContainerItemProxy;
			containerPortal = B9D3202B2B27B96900F9B33D /* Project object */;
			proxyType = 1;
			remoteGlobalIDString = B9D320322B27B96900F9B33D;
			remoteInfo = StateActionExample;
		};
		B9D3204E2B27B96B00F9B33D /* PBXContainerItemProxy */ = {
			isa = PBXContainerItemProxy;
			containerPortal = B9D3202B2B27B96900F9B33D /* Project object */;
			proxyType = 1;
			remoteGlobalIDString = B9D320322B27B96900F9B33D;
			remoteInfo = StateActionExample;
		};
/* End PBXContainerItemProxy section */

/* Begin PBXFileReference section */
		B9D320332B27B96A00F9B33D /* StateActionExample.app */ = {isa = PBXFileReference; explicitFileType = wrapper.application; includeInIndex = 0; path = StateActionExample.app; sourceTree = BUILT_PRODUCTS_DIR; };
		B9D320362B27B96A00F9B33D /* StateActionExampleApp.swift */ = {isa = PBXFileReference; lastKnownFileType = sourcecode.swift; path = StateActionExampleApp.swift; sourceTree = "<group>"; };
		B9D3203A2B27B96B00F9B33D /* Assets.xcassets */ = {isa = PBXFileReference; lastKnownFileType = folder.assetcatalog; path = Assets.xcassets; sourceTree = "<group>"; };
		B9D3203D2B27B96B00F9B33D /* Preview Assets.xcassets */ = {isa = PBXFileReference; lastKnownFileType = folder.assetcatalog; path = "Preview Assets.xcassets"; sourceTree = "<group>"; };
		B9D320432B27B96B00F9B33D /* StateActionExampleTests.xctest */ = {isa = PBXFileReference; explicitFileType = wrapper.cfbundle; includeInIndex = 0; path = StateActionExampleTests.xctest; sourceTree = BUILT_PRODUCTS_DIR; };
		B9D320472B27B96B00F9B33D /* StateActionExampleTests.swift */ = {isa = PBXFileReference; lastKnownFileType = sourcecode.swift; path = StateActionExampleTests.swift; sourceTree = "<group>"; };
		B9D3204D2B27B96B00F9B33D /* StateActionExampleUITests.xctest */ = {isa = PBXFileReference; explicitFileType = wrapper.cfbundle; includeInIndex = 0; path = StateActionExampleUITests.xctest; sourceTree = BUILT_PRODUCTS_DIR; };
		B9D320512B27B96B00F9B33D /* StateActionExampleUITests.swift */ = {isa = PBXFileReference; lastKnownFileType = sourcecode.swift; path = StateActionExampleUITests.swift; sourceTree = "<group>"; };
		B9D320532B27B96B00F9B33D /* StateActionExampleUITestsLaunchTests.swift */ = {isa = PBXFileReference; lastKnownFileType = sourcecode.swift; path = StateActionExampleUITestsLaunchTests.swift; sourceTree = "<group>"; };
		B9D320652B27B9E300F9B33D /* ContentState.swift */ = {isa = PBXFileReference; fileEncoding = 4; lastKnownFileType = sourcecode.swift; path = ContentState.swift; sourceTree = "<group>"; };
		B9D320662B27B9E300F9B33D /* ContentShim.swift */ = {isa = PBXFileReference; fileEncoding = 4; lastKnownFileType = sourcecode.swift; path = ContentShim.swift; sourceTree = "<group>"; };
		B9D320672B27B9E300F9B33D /* ContentView.swift */ = {isa = PBXFileReference; fileEncoding = 4; lastKnownFileType = sourcecode.swift; path = ContentView.swift; sourceTree = "<group>"; };
		B9D320682B27B9E300F9B33D /* ContentAction.swift */ = {isa = PBXFileReference; fileEncoding = 4; lastKnownFileType = sourcecode.swift; path = ContentAction.swift; sourceTree = "<group>"; };
		B9D320692B27B9E300F9B33D /* ContentViewModel.swift */ = {isa = PBXFileReference; fileEncoding = 4; lastKnownFileType = sourcecode.swift; path = ContentViewModel.swift; sourceTree = "<group>"; };
/* End PBXFileReference section */

/* Begin PBXFrameworksBuildPhase section */
		B9D320302B27B96900F9B33D /* Frameworks */ = {
			isa = PBXFrameworksBuildPhase;
			buildActionMask = 2147483647;
			files = (
				B9D320762B27D93100F9B33D /* Dufap in Frameworks */,
			);
			runOnlyForDeploymentPostprocessing = 0;
		};
		B9D320402B27B96B00F9B33D /* Frameworks */ = {
			isa = PBXFrameworksBuildPhase;
			buildActionMask = 2147483647;
			files = (
			);
			runOnlyForDeploymentPostprocessing = 0;
		};
		B9D3204A2B27B96B00F9B33D /* Frameworks */ = {
			isa = PBXFrameworksBuildPhase;
			buildActionMask = 2147483647;
			files = (
			);
			runOnlyForDeploymentPostprocessing = 0;
		};
/* End PBXFrameworksBuildPhase section */

/* Begin PBXGroup section */
		B9D3202A2B27B96900F9B33D = {
			isa = PBXGroup;
			children = (
				B9D320352B27B96A00F9B33D /* StateActionExample */,
				B9D320462B27B96B00F9B33D /* StateActionExampleTests */,
				B9D320502B27B96B00F9B33D /* StateActionExampleUITests */,
				B9D320342B27B96A00F9B33D /* Products */,
				B9D320712B27BCBA00F9B33D /* Frameworks */,
			);
			sourceTree = "<group>";
		};
		B9D320342B27B96A00F9B33D /* Products */ = {
			isa = PBXGroup;
			children = (
				B9D320332B27B96A00F9B33D /* StateActionExample.app */,
				B9D320432B27B96B00F9B33D /* StateActionExampleTests.xctest */,
				B9D3204D2B27B96B00F9B33D /* StateActionExampleUITests.xctest */,
			);
			name = Products;
			sourceTree = "<group>";
		};
		B9D320352B27B96A00F9B33D /* StateActionExample */ = {
			isa = PBXGroup;
			children = (
				B9D320362B27B96A00F9B33D /* StateActionExampleApp.swift */,
				B9D320642B27B9DB00F9B33D /* Content */,
				B9D3203A2B27B96B00F9B33D /* Assets.xcassets */,
				B9D3203C2B27B96B00F9B33D /* Preview Content */,
			);
			path = StateActionExample;
			sourceTree = "<group>";
		};
		B9D3203C2B27B96B00F9B33D /* Preview Content */ = {
			isa = PBXGroup;
			children = (
				B9D3203D2B27B96B00F9B33D /* Preview Assets.xcassets */,
			);
			path = "Preview Content";
			sourceTree = "<group>";
		};
		B9D320462B27B96B00F9B33D /* StateActionExampleTests */ = {
			isa = PBXGroup;
			children = (
				B9D320472B27B96B00F9B33D /* StateActionExampleTests.swift */,
			);
			path = StateActionExampleTests;
			sourceTree = "<group>";
		};
		B9D320502B27B96B00F9B33D /* StateActionExampleUITests */ = {
			isa = PBXGroup;
			children = (
				B9D320512B27B96B00F9B33D /* StateActionExampleUITests.swift */,
				B9D320532B27B96B00F9B33D /* StateActionExampleUITestsLaunchTests.swift */,
			);
			path = StateActionExampleUITests;
			sourceTree = "<group>";
		};
		B9D320642B27B9DB00F9B33D /* Content */ = {
			isa = PBXGroup;
			children = (
				B9D320672B27B9E300F9B33D /* ContentView.swift */,
				B9D320692B27B9E300F9B33D /* ContentViewModel.swift */,
				B9D320682B27B9E300F9B33D /* ContentAction.swift */,
				B9D320662B27B9E300F9B33D /* ContentShim.swift */,
				B9D320652B27B9E300F9B33D /* ContentState.swift */,
			);
			path = Content;
			sourceTree = "<group>";
		};
		B9D320712B27BCBA00F9B33D /* Frameworks */ = {
			isa = PBXGroup;
			children = (
			);
			name = Frameworks;
			sourceTree = "<group>";
		};
/* End PBXGroup section */

/* Begin PBXNativeTarget section */
		B9D320322B27B96900F9B33D /* StateActionExample */ = {
			isa = PBXNativeTarget;
			buildConfigurationList = B9D320572B27B96B00F9B33D /* Build configuration list for PBXNativeTarget "StateActionExample" */;
			buildPhases = (
				B9D3202F2B27B96900F9B33D /* Sources */,
				B9D320302B27B96900F9B33D /* Frameworks */,
				B9D320312B27B96900F9B33D /* Resources */,
			);
			buildRules = (
			);
			dependencies = (
			);
			name = StateActionExample;
			packageProductDependencies = (
				B9D320752B27D93100F9B33D /* Dufap */,
			);
			productName = StateActionExample;
			productReference = B9D320332B27B96A00F9B33D /* StateActionExample.app */;
			productType = "com.apple.product-type.application";
		};
		B9D320422B27B96B00F9B33D /* StateActionExampleTests */ = {
			isa = PBXNativeTarget;
			buildConfigurationList = B9D3205A2B27B96B00F9B33D /* Build configuration list for PBXNativeTarget "StateActionExampleTests" */;
			buildPhases = (
				B9D3203F2B27B96B00F9B33D /* Sources */,
				B9D320402B27B96B00F9B33D /* Frameworks */,
				B9D320412B27B96B00F9B33D /* Resources */,
			);
			buildRules = (
			);
			dependencies = (
				B9D320452B27B96B00F9B33D /* PBXTargetDependency */,
			);
			name = StateActionExampleTests;
			productName = StateActionExampleTests;
			productReference = B9D320432B27B96B00F9B33D /* StateActionExampleTests.xctest */;
			productType = "com.apple.product-type.bundle.unit-test";
		};
		B9D3204C2B27B96B00F9B33D /* StateActionExampleUITests */ = {
			isa = PBXNativeTarget;
			buildConfigurationList = B9D3205D2B27B96B00F9B33D /* Build configuration list for PBXNativeTarget "StateActionExampleUITests" */;
			buildPhases = (
				B9D320492B27B96B00F9B33D /* Sources */,
				B9D3204A2B27B96B00F9B33D /* Frameworks */,
				B9D3204B2B27B96B00F9B33D /* Resources */,
			);
			buildRules = (
			);
			dependencies = (
				B9D3204F2B27B96B00F9B33D /* PBXTargetDependency */,
			);
			name = StateActionExampleUITests;
			productName = StateActionExampleUITests;
			productReference = B9D3204D2B27B96B00F9B33D /* StateActionExampleUITests.xctest */;
			productType = "com.apple.product-type.bundle.ui-testing";
		};
/* End PBXNativeTarget section */

/* Begin PBXProject section */
		B9D3202B2B27B96900F9B33D /* Project object */ = {
			isa = PBXProject;
			attributes = {
				BuildIndependentTargetsInParallel = 1;
				LastSwiftUpdateCheck = 1430;
				LastUpgradeCheck = 1430;
				TargetAttributes = {
					B9D320322B27B96900F9B33D = {
						CreatedOnToolsVersion = 14.3.1;
					};
					B9D320422B27B96B00F9B33D = {
						CreatedOnToolsVersion = 14.3.1;
						TestTargetID = B9D320322B27B96900F9B33D;
					};
					B9D3204C2B27B96B00F9B33D = {
						CreatedOnToolsVersion = 14.3.1;
						TestTargetID = B9D320322B27B96900F9B33D;
					};
				};
			};
			buildConfigurationList = B9D3202E2B27B96900F9B33D /* Build configuration list for PBXProject "StateActionExample" */;
			compatibilityVersion = "Xcode 14.0";
			developmentRegion = en;
			hasScannedForEncodings = 0;
			knownRegions = (
				en,
				Base,
			);
			mainGroup = B9D3202A2B27B96900F9B33D;
			packageReferences = (
				B9D320742B27D93100F9B33D /* XCRemoteSwiftPackageReference "dufap" */,
			);
			productRefGroup = B9D320342B27B96A00F9B33D /* Products */;
			projectDirPath = "";
			projectRoot = "";
			targets = (
				B9D320322B27B96900F9B33D /* StateActionExample */,
				B9D320422B27B96B00F9B33D /* StateActionExampleTests */,
				B9D3204C2B27B96B00F9B33D /* StateActionExampleUITests */,
			);
		};
/* End PBXProject section */

/* Begin PBXResourcesBuildPhase section */
		B9D320312B27B96900F9B33D /* Resources */ = {
			isa = PBXResourcesBuildPhase;
			buildActionMask = 2147483647;
			files = (
				B9D3203E2B27B96B00F9B33D /* Preview Assets.xcassets in Resources */,
				B9D3203B2B27B96B00F9B33D /* Assets.xcassets in Resources */,
			);
			runOnlyForDeploymentPostprocessing = 0;
		};
		B9D320412B27B96B00F9B33D /* Resources */ = {
			isa = PBXResourcesBuildPhase;
			buildActionMask = 2147483647;
			files = (
			);
			runOnlyForDeploymentPostprocessing = 0;
		};
		B9D3204B2B27B96B00F9B33D /* Resources */ = {
			isa = PBXResourcesBuildPhase;
			buildActionMask = 2147483647;
			files = (
			);
			runOnlyForDeploymentPostprocessing = 0;
		};
/* End PBXResourcesBuildPhase section */

/* Begin PBXSourcesBuildPhase section */
		B9D3202F2B27B96900F9B33D /* Sources */ = {
			isa = PBXSourcesBuildPhase;
			buildActionMask = 2147483647;
			files = (
				B9D3206B2B27B9E300F9B33D /* ContentShim.swift in Sources */,
				B9D3206D2B27B9E300F9B33D /* ContentAction.swift in Sources */,
				B9D3206C2B27B9E300F9B33D /* ContentView.swift in Sources */,
				B9D3206E2B27B9E300F9B33D /* ContentViewModel.swift in Sources */,
				B9D320372B27B96A00F9B33D /* StateActionExampleApp.swift in Sources */,
				B9D3206A2B27B9E300F9B33D /* ContentState.swift in Sources */,
			);
			runOnlyForDeploymentPostprocessing = 0;
		};
		B9D3203F2B27B96B00F9B33D /* Sources */ = {
			isa = PBXSourcesBuildPhase;
			buildActionMask = 2147483647;
			files = (
				B9D320482B27B96B00F9B33D /* StateActionExampleTests.swift in Sources */,
			);
			runOnlyForDeploymentPostprocessing = 0;
		};
		B9D320492B27B96B00F9B33D /* Sources */ = {
			isa = PBXSourcesBuildPhase;
			buildActionMask = 2147483647;
			files = (
				B9D320522B27B96B00F9B33D /* StateActionExampleUITests.swift in Sources */,
				B9D320542B27B96B00F9B33D /* StateActionExampleUITestsLaunchTests.swift in Sources */,
			);
			runOnlyForDeploymentPostprocessing = 0;
		};
/* End PBXSourcesBuildPhase section */

/* Begin PBXTargetDependency section */
		B9D320452B27B96B00F9B33D /* PBXTargetDependency */ = {
			isa = PBXTargetDependency;
			target = B9D320322B27B96900F9B33D /* StateActionExample */;
			targetProxy = B9D320442B27B96B00F9B33D /* PBXContainerItemProxy */;
		};
		B9D3204F2B27B96B00F9B33D /* PBXTargetDependency */ = {
			isa = PBXTargetDependency;
			target = B9D320322B27B96900F9B33D /* StateActionExample */;
			targetProxy = B9D3204E2B27B96B00F9B33D /* PBXContainerItemProxy */;
		};
/* End PBXTargetDependency section */

/* Begin XCBuildConfiguration section */
		B9D320552B27B96B00F9B33D /* Debug */ = {
			isa = XCBuildConfiguration;
			buildSettings = {
				ALWAYS_SEARCH_USER_PATHS = NO;
				CLANG_ANALYZER_NONNULL = YES;
				CLANG_ANALYZER_NUMBER_OBJECT_CONVERSION = YES_AGGRESSIVE;
				CLANG_CXX_LANGUAGE_STANDARD = "gnu++20";
				CLANG_ENABLE_MODULES = YES;
				CLANG_ENABLE_OBJC_ARC = YES;
				CLANG_ENABLE_OBJC_WEAK = YES;
				CLANG_WARN_BLOCK_CAPTURE_AUTORELEASING = YES;
				CLANG_WARN_BOOL_CONVERSION = YES;
				CLANG_WARN_COMMA = YES;
				CLANG_WARN_CONSTANT_CONVERSION = YES;
				CLANG_WARN_DEPRECATED_OBJC_IMPLEMENTATIONS = YES;
				CLANG_WARN_DIRECT_OBJC_ISA_USAGE = YES_ERROR;
				CLANG_WARN_DOCUMENTATION_COMMENTS = YES;
				CLANG_WARN_EMPTY_BODY = YES;
				CLANG_WARN_ENUM_CONVERSION = YES;
				CLANG_WARN_INFINITE_RECURSION = YES;
				CLANG_WARN_INT_CONVERSION = YES;
				CLANG_WARN_NON_LITERAL_NULL_CONVERSION = YES;
				CLANG_WARN_OBJC_IMPLICIT_RETAIN_SELF = YES;
				CLANG_WARN_OBJC_LITERAL_CONVERSION = YES;
				CLANG_WARN_OBJC_ROOT_CLASS = YES_ERROR;
				CLANG_WARN_QUOTED_INCLUDE_IN_FRAMEWORK_HEADER = YES;
				CLANG_WARN_RANGE_LOOP_ANALYSIS = YES;
				CLANG_WARN_STRICT_PROTOTYPES = YES;
				CLANG_WARN_SUSPICIOUS_MOVE = YES;
				CLANG_WARN_UNGUARDED_AVAILABILITY = YES_AGGRESSIVE;
				CLANG_WARN_UNREACHABLE_CODE = YES;
				CLANG_WARN__DUPLICATE_METHOD_MATCH = YES;
				COPY_PHASE_STRIP = NO;
				DEBUG_INFORMATION_FORMAT = dwarf;
				ENABLE_STRICT_OBJC_MSGSEND = YES;
				ENABLE_TESTABILITY = YES;
				GCC_C_LANGUAGE_STANDARD = gnu11;
				GCC_DYNAMIC_NO_PIC = NO;
				GCC_NO_COMMON_BLOCKS = YES;
				GCC_OPTIMIZATION_LEVEL = 0;
				GCC_PREPROCESSOR_DEFINITIONS = (
					"DEBUG=1",
					"$(inherited)",
				);
				GCC_WARN_64_TO_32_BIT_CONVERSION = YES;
				GCC_WARN_ABOUT_RETURN_TYPE = YES_ERROR;
				GCC_WARN_UNDECLARED_SELECTOR = YES;
				GCC_WARN_UNINITIALIZED_AUTOS = YES_AGGRESSIVE;
				GCC_WARN_UNUSED_FUNCTION = YES;
				GCC_WARN_UNUSED_VARIABLE = YES;
				IPHONEOS_DEPLOYMENT_TARGET = 15.0;
				MTL_ENABLE_DEBUG_INFO = INCLUDE_SOURCE;
				MTL_FAST_MATH = YES;
				ONLY_ACTIVE_ARCH = YES;
				SDKROOT = iphoneos;
				SWIFT_ACTIVE_COMPILATION_CONDITIONS = DEBUG;
				SWIFT_OPTIMIZATION_LEVEL = "-Onone";
			};
			name = Debug;
		};
		B9D320562B27B96B00F9B33D /* Release */ = {
			isa = XCBuildConfiguration;
			buildSettings = {
				ALWAYS_SEARCH_USER_PATHS = NO;
				CLANG_ANALYZER_NONNULL = YES;
				CLANG_ANALYZER_NUMBER_OBJECT_CONVERSION = YES_AGGRESSIVE;
				CLANG_CXX_LANGUAGE_STANDARD = "gnu++20";
				CLANG_ENABLE_MODULES = YES;
				CLANG_ENABLE_OBJC_ARC = YES;
				CLANG_ENABLE_OBJC_WEAK = YES;
				CLANG_WARN_BLOCK_CAPTURE_AUTORELEASING = YES;
				CLANG_WARN_BOOL_CONVERSION = YES;
				CLANG_WARN_COMMA = YES;
				CLANG_WARN_CONSTANT_CONVERSION = YES;
				CLANG_WARN_DEPRECATED_OBJC_IMPLEMENTATIONS = YES;
				CLANG_WARN_DIRECT_OBJC_ISA_USAGE = YES_ERROR;
				CLANG_WARN_DOCUMENTATION_COMMENTS = YES;
				CLANG_WARN_EMPTY_BODY = YES;
				CLANG_WARN_ENUM_CONVERSION = YES;
				CLANG_WARN_INFINITE_RECURSION = YES;
				CLANG_WARN_INT_CONVERSION = YES;
				CLANG_WARN_NON_LITERAL_NULL_CONVERSION = YES;
				CLANG_WARN_OBJC_IMPLICIT_RETAIN_SELF = YES;
				CLANG_WARN_OBJC_LITERAL_CONVERSION = YES;
				CLANG_WARN_OBJC_ROOT_CLASS = YES_ERROR;
				CLANG_WARN_QUOTED_INCLUDE_IN_FRAMEWORK_HEADER = YES;
				CLANG_WARN_RANGE_LOOP_ANALYSIS = YES;
				CLANG_WARN_STRICT_PROTOTYPES = YES;
				CLANG_WARN_SUSPICIOUS_MOVE = YES;
				CLANG_WARN_UNGUARDED_AVAILABILITY = YES_AGGRESSIVE;
				CLANG_WARN_UNREACHABLE_CODE = YES;
				CLANG_WARN__DUPLICATE_METHOD_MATCH = YES;
				COPY_PHASE_STRIP = NO;
				DEBUG_INFORMATION_FORMAT = "dwarf-with-dsym";
				ENABLE_NS_ASSERTIONS = NO;
				ENABLE_STRICT_OBJC_MSGSEND = YES;
				GCC_C_LANGUAGE_STANDARD = gnu11;
				GCC_NO_COMMON_BLOCKS = YES;
				GCC_WARN_64_TO_32_BIT_CONVERSION = YES;
				GCC_WARN_ABOUT_RETURN_TYPE = YES_ERROR;
				GCC_WARN_UNDECLARED_SELECTOR = YES;
				GCC_WARN_UNINITIALIZED_AUTOS = YES_AGGRESSIVE;
				GCC_WARN_UNUSED_FUNCTION = YES;
				GCC_WARN_UNUSED_VARIABLE = YES;
				IPHONEOS_DEPLOYMENT_TARGET = 15.0;
				MTL_ENABLE_DEBUG_INFO = NO;
				MTL_FAST_MATH = YES;
				SDKROOT = iphoneos;
				SWIFT_COMPILATION_MODE = wholemodule;
				SWIFT_OPTIMIZATION_LEVEL = "-O";
				VALIDATE_PRODUCT = YES;
			};
			name = Release;
		};
		B9D320582B27B96B00F9B33D /* Debug */ = {
			isa = XCBuildConfiguration;
			buildSettings = {
				ASSETCATALOG_COMPILER_APPICON_NAME = AppIcon;
				ASSETCATALOG_COMPILER_GLOBAL_ACCENT_COLOR_NAME = AccentColor;
				CODE_SIGN_STYLE = Automatic;
				CURRENT_PROJECT_VERSION = 1;
				DEVELOPMENT_ASSET_PATHS = "\"StateActionExample/Preview Content\"";
				DEVELOPMENT_TEAM = 6AG462V9AT;
				ENABLE_PREVIEWS = YES;
				GENERATE_INFOPLIST_FILE = YES;
				INFOPLIST_KEY_UIApplicationSceneManifest_Generation = YES;
				INFOPLIST_KEY_UIApplicationSupportsIndirectInputEvents = YES;
				INFOPLIST_KEY_UILaunchScreen_Generation = YES;
				INFOPLIST_KEY_UISupportedInterfaceOrientations_iPad = "UIInterfaceOrientationPortrait UIInterfaceOrientationPortraitUpsideDown UIInterfaceOrientationLandscapeLeft UIInterfaceOrientationLandscapeRight";
				INFOPLIST_KEY_UISupportedInterfaceOrientations_iPhone = "UIInterfaceOrientationPortrait UIInterfaceOrientationLandscapeLeft UIInterfaceOrientationLandscapeRight";
				IPHONEOS_DEPLOYMENT_TARGET = 15.0;
				LD_RUNPATH_SEARCH_PATHS = (
					"$(inherited)",
					"@executable_path/Frameworks",
				);
				MARKETING_VERSION = 1.0;
				PRODUCT_BUNDLE_IDENTIFIER = com.example.StateActionExample;
				PRODUCT_NAME = "$(TARGET_NAME)";
				SWIFT_EMIT_LOC_STRINGS = YES;
				SWIFT_VERSION = 5.0;
				TARGETED_DEVICE_FAMILY = "1,2";
			};
			name = Debug;
		};
		B9D320592B27B96B00F9B33D /* Release */ = {
			isa = XCBuildConfiguration;
			buildSettings = {
				ASSETCATALOG_COMPILER_APPICON_NAME = AppIcon;
				ASSETCATALOG_COMPILER_GLOBAL_ACCENT_COLOR_NAME = AccentColor;
				CODE_SIGN_STYLE = Automatic;
				CURRENT_PROJECT_VERSION = 1;
				DEVELOPMENT_ASSET_PATHS = "\"StateActionExample/Preview Content\"";
				DEVELOPMENT_TEAM = 6AG462V9AT;
				ENABLE_PREVIEWS = YES;
				GENERATE_INFOPLIST_FILE = YES;
				INFOPLIST_KEY_UIApplicationSceneManifest_Generation = YES;
				INFOPLIST_KEY_UIApplicationSupportsIndirectInputEvents = YES;
				INFOPLIST_KEY_UILaunchScreen_Generation = YES;
				INFOPLIST_KEY_UISupportedInterfaceOrientations_iPad = "UIInterfaceOrientationPortrait UIInterfaceOrientationPortraitUpsideDown UIInterfaceOrientationLandscapeLeft UIInterfaceOrientationLandscapeRight";
				INFOPLIST_KEY_UISupportedInterfaceOrientations_iPhone = "UIInterfaceOrientationPortrait UIInterfaceOrientationLandscapeLeft UIInterfaceOrientationLandscapeRight";
				IPHONEOS_DEPLOYMENT_TARGET = 15.0;
				LD_RUNPATH_SEARCH_PATHS = (
					"$(inherited)",
					"@executable_path/Frameworks",
				);
				MARKETING_VERSION = 1.0;
				PRODUCT_BUNDLE_IDENTIFIER = com.example.StateActionExample;
				PRODUCT_NAME = "$(TARGET_NAME)";
				SWIFT_EMIT_LOC_STRINGS = YES;
				SWIFT_VERSION = 5.0;
				TARGETED_DEVICE_FAMILY = "1,2";
			};
			name = Release;
		};
		B9D3205B2B27B96B00F9B33D /* Debug */ = {
			isa = XCBuildConfiguration;
			buildSettings = {
				ALWAYS_EMBED_SWIFT_STANDARD_LIBRARIES = YES;
				BUNDLE_LOADER = "$(TEST_HOST)";
				CODE_SIGN_STYLE = Automatic;
				CURRENT_PROJECT_VERSION = 1;
				DEVELOPMENT_TEAM = 6AG462V9AT;
				GENERATE_INFOPLIST_FILE = YES;
				IPHONEOS_DEPLOYMENT_TARGET = 16.4;
				MARKETING_VERSION = 1.0;
				PRODUCT_BUNDLE_IDENTIFIER = com.example.StateActionExampleTests;
				PRODUCT_NAME = "$(TARGET_NAME)";
				SWIFT_EMIT_LOC_STRINGS = NO;
				SWIFT_VERSION = 5.0;
				TARGETED_DEVICE_FAMILY = "1,2";
				TEST_HOST = "$(BUILT_PRODUCTS_DIR)/StateActionExample.app/$(BUNDLE_EXECUTABLE_FOLDER_PATH)/StateActionExample";
			};
			name = Debug;
		};
		B9D3205C2B27B96B00F9B33D /* Release */ = {
			isa = XCBuildConfiguration;
			buildSettings = {
				ALWAYS_EMBED_SWIFT_STANDARD_LIBRARIES = YES;
				BUNDLE_LOADER = "$(TEST_HOST)";
				CODE_SIGN_STYLE = Automatic;
				CURRENT_PROJECT_VERSION = 1;
				DEVELOPMENT_TEAM = 6AG462V9AT;
				GENERATE_INFOPLIST_FILE = YES;
				IPHONEOS_DEPLOYMENT_TARGET = 16.4;
				MARKETING_VERSION = 1.0;
				PRODUCT_BUNDLE_IDENTIFIER = com.example.StateActionExampleTests;
				PRODUCT_NAME = "$(TARGET_NAME)";
				SWIFT_EMIT_LOC_STRINGS = NO;
				SWIFT_VERSION = 5.0;
				TARGETED_DEVICE_FAMILY = "1,2";
				TEST_HOST = "$(BUILT_PRODUCTS_DIR)/StateActionExample.app/$(BUNDLE_EXECUTABLE_FOLDER_PATH)/StateActionExample";
			};
			name = Release;
		};
		B9D3205E2B27B96B00F9B33D /* Debug */ = {
			isa = XCBuildConfiguration;
			buildSettings = {
				ALWAYS_EMBED_SWIFT_STANDARD_LIBRARIES = YES;
				CODE_SIGN_STYLE = Automatic;
				CURRENT_PROJECT_VERSION = 1;
				DEVELOPMENT_TEAM = 6AG462V9AT;
				GENERATE_INFOPLIST_FILE = YES;
				MARKETING_VERSION = 1.0;
				PRODUCT_BUNDLE_IDENTIFIER = com.example.StateActionExampleUITests;
				PRODUCT_NAME = "$(TARGET_NAME)";
				SWIFT_EMIT_LOC_STRINGS = NO;
				SWIFT_VERSION = 5.0;
				TARGETED_DEVICE_FAMILY = "1,2";
				TEST_TARGET_NAME = StateActionExample;
			};
			name = Debug;
		};
		B9D3205F2B27B96B00F9B33D /* Release */ = {
			isa = XCBuildConfiguration;
			buildSettings = {
				ALWAYS_EMBED_SWIFT_STANDARD_LIBRARIES = YES;
				CODE_SIGN_STYLE = Automatic;
				CURRENT_PROJECT_VERSION = 1;
				DEVELOPMENT_TEAM = 6AG462V9AT;
				GENERATE_INFOPLIST_FILE = YES;
				MARKETING_VERSION = 1.0;
				PRODUCT_BUNDLE_IDENTIFIER = com.example.StateActionExampleUITests;
				PRODUCT_NAME = "$(TARGET_NAME)";
				SWIFT_EMIT_LOC_STRINGS = NO;
				SWIFT_VERSION = 5.0;
				TARGETED_DEVICE_FAMILY = "1,2";
				TEST_TARGET_NAME = StateActionExample;
			};
			name = Release;
		};
/* End XCBuildConfiguration section */

/* Begin XCConfigurationList section */
		B9D3202E2B27B96900F9B33D /* Build configuration list for PBXProject "StateActionExample" */ = {
			isa = XCConfigurationList;
			buildConfigurations = (
				B9D320552B27B96B00F9B33D /* Debug */,
				B9D320562B27B96B00F9B33D /* Release */,
			);
			defaultConfigurationIsVisible = 0;
			defaultConfigurationName = Release;
		};
		B9D320572B27B96B00F9B33D /* Build configuration list for PBXNativeTarget "StateActionExample" */ = {
			isa = XCConfigurationList;
			buildConfigurations = (
				B9D320582B27B96B00F9B33D /* Debug */,
				B9D320592B27B96B00F9B33D /* Release */,
			);
			defaultConfigurationIsVisible = 0;
			defaultConfigurationName = Release;
		};
		B9D3205A2B27B96B00F9B33D /* Build configuration list for PBXNativeTarget "StateActionExampleTests" */ = {
			isa = XCConfigurationList;
			buildConfigurations = (
				B9D3205B2B27B96B00F9B33D /* Debug */,
				B9D3205C2B27B96B00F9B33D /* Release */,
			);
			defaultConfigurationIsVisible = 0;
			defaultConfigurationName = Release;
		};
		B9D3205D2B27B96B00F9B33D /* Build configuration list for PBXNativeTarget "StateActionExampleUITests" */ = {
			isa = XCConfigurationList;
			buildConfigurations = (
				B9D3205E2B27B96B00F9B33D /* Debug */,
				B9D3205F2B27B96B00F9B33D /* Release */,
			);
			defaultConfigurationIsVisible = 0;
			defaultConfigurationName = Release;
		};
/* End XCConfigurationList section */

/* Begin XCRemoteSwiftPackageReference section */
		B9D320742B27D93100F9B33D /* XCRemoteSwiftPackageReference "dufap" */ = {
			isa = XCRemoteSwiftPackageReference;
			repositoryURL = "https://github.com/AndreKuts/dufap.git";
			requirement = {
				kind = exactVersion;
				version = 1.0.1;
			};
		};
/* End XCRemoteSwiftPackageReference section */

/* Begin XCSwiftPackageProductDependency section */
		B9D320752B27D93100F9B33D /* Dufap */ = {
			isa = XCSwiftPackageProductDependency;
			package = B9D320742B27D93100F9B33D /* XCRemoteSwiftPackageReference "dufap" */;
			productName = Dufap;
		};
/* End XCSwiftPackageProductDependency section */
	};
	rootObject = B9D3202B2B27B96900F9B33D /* Project object */;
}
